
Microsoft Visual Studio Solution File, Format Version 12.00
# Visual Studio Version 17
VisualStudioVersion = 17.11.35327.3
MinimumVisualStudioVersion = 10.0.40219.1
Project("{FAE04EC0-301F-11D3-BF4B-00C04F79EFBC}") = "Practica 8 do while", "Practica 8 do while\Practica 8 do while.csproj", "{5928666E-98DB-4B60-BCD6-8B6DBB63A30E}"
EndProject
Global
	GlobalSection(SolutionConfigurationPlatforms) = preSolution
		Debug|Any CPU = Debug|Any CPU
		Release|Any CPU = Release|Any CPU
	EndGlobalSection
	GlobalSection(ProjectConfigurationPlatforms) = postSolution
		{5928666E-98DB-4B60-BCD6-8B6DBB63A30E}.Debug|Any CPU.ActiveCfg = Debug|Any CPU
		{5928666E-98DB-4B60-BCD6-8B6DBB63A30E}.Debug|Any CPU.Build.0 = Debug|Any CPU
		{5928666E-98DB-4B60-BCD6-8B6DBB63A30E}.Release|Any CPU.ActiveCfg = Release|Any CPU
		{5928666E-98DB-4B60-BCD6-8B6DBB63A30E}.Release|Any CPU.Build.0 = Release|Any CPU
	EndGlobalSection
	GlobalSection(SolutionProperties) = preSolution
		HideSolutionNode = FALSE
	EndGlobalSection
	GlobalSection(ExtensibilityGlobals) = postSolution
		SolutionGuid = {31450D57-49F2-4AC0-AF36-4E75890427D8}
	EndGlobalSection
EndGlobal
